{
  "name": "snake-prototype",
  "version": "1.0.0",
  "lockfileVersion": 1,
  "requires": true,
  "dependencies": {
    "@types/jquery": {
      "version": "3.3.1",
      "resolved": "https://registry.npmjs.org/@types/jquery/-/jquery-3.3.1.tgz",
      "integrity": "sha512-N3h+rzN518yl2xKrW0o6KKdNmWZ+OwG6SoM5TBEQFF0tTv5wXPEsoOuYQ2Kt3/89XbcSZUJLdjiT/2c3BR/ApQ=="
    },
    "@types/paho-mqtt": {
      "version": "1.0.1",
      "resolved": "https://registry.npmjs.org/@types/paho-mqtt/-/paho-mqtt-1.0.1.tgz",
      "integrity": "sha512-RB1vr4c0xFzELNe8sbfFgOWa0R9fo489wqfxLvaDg53MoratOGZGValoDJY0xVfBG4fzjWem/quAM2OOcQeG+Q=="
    }
  }
}
